// !$*UTF8*$!
{
	archiveVersion = 1;
	classes = {
	};
	objectVersion = 50;
	objects = {

/* Begin PBXBuildFile section */
		132F4D17264B3EFE00EC743F /* AppDelegate.swift in Sources */ = {isa = PBXBuildFile; fileRef = 132F4D16264B3EFE00EC743F /* AppDelegate.swift */; };
		132F4D19264B3EFE00EC743F /* ContentView.swift in Sources */ = {isa = PBXBuildFile; fileRef = 132F4D18264B3EFE00EC743F /* ContentView.swift */; };
		132F4D1B264B3EFF00EC743F /* Experience.rcproject in Sources */ = {isa = PBXBuildFile; fileRef = 132F4D1A264B3EFF00EC743F /* Experience.rcproject */; };
		132F4D1D264B3F0100EC743F /* Assets.xcassets in Resources */ = {isa = PBXBuildFile; fileRef = 132F4D1C264B3F0100EC743F /* Assets.xcassets */; };
		132F4D20264B3F0100EC743F /* Preview Assets.xcassets in Resources */ = {isa = PBXBuildFile; fileRef = 132F4D1F264B3F0100EC743F /* Preview Assets.xcassets */; };
		13F12EC4264BFAB0005CC2DB /* ObjectDetectionService.swift in Sources */ = {isa = PBXBuildFile; fileRef = 13F12EC3264BFAB0005CC2DB /* ObjectDetectionService.swift */; };
		13F12EC7264C323C005CC2DB /* StickyNoteEntity.swift in Sources */ = {isa = PBXBuildFile; fileRef = 13F12EC6264C323C005CC2DB /* StickyNoteEntity.swift */; };
		13F12ECA264C32AB005CC2DB /* ScreenSpaceComponent.swift in Sources */ = {isa = PBXBuildFile; fileRef = 13F12EC9264C32AB005CC2DB /* ScreenSpaceComponent.swift */; };
		13F12ECD264C37C8005CC2DB /* StickyNoteView.swift in Sources */ = {isa = PBXBuildFile; fileRef = 13F12ECC264C37C8005CC2DB /* StickyNoteView.swift */; };
/* End PBXBuildFile section */

/* Begin PBXFileReference section */
		132F4D13264B3EFE00EC743F /* TouristNavigation.app */ = {isa = PBXFileReference; explicitFileType = wrapper.application; includeInIndex = 0; path = TouristNavigation.app; sourceTree = BUILT_PRODUCTS_DIR; };
		132F4D16264B3EFE00EC743F /* AppDelegate.swift */ = {isa = PBXFileReference; lastKnownFileType = sourcecode.swift; path = AppDelegate.swift; sourceTree = "<group>"; };
		132F4D18264B3EFE00EC743F /* ContentView.swift */ = {isa = PBXFileReference; lastKnownFileType = sourcecode.swift; path = ContentView.swift; sourceTree = "<group>"; };
		132F4D1A264B3EFF00EC743F /* Experience.rcproject */ = {isa = PBXFileReference; lastKnownFileType = file.rcproject; path = Experience.rcproject; sourceTree = "<group>"; };
		132F4D1C264B3F0100EC743F /* Assets.xcassets */ = {isa = PBXFileReference; lastKnownFileType = folder.assetcatalog; path = Assets.xcassets; sourceTree = "<group>"; };
		132F4D1F264B3F0100EC743F /* Preview Assets.xcassets */ = {isa = PBXFileReference; lastKnownFileType = folder.assetcatalog; path = "Preview Assets.xcassets"; sourceTree = "<group>"; };
		132F4D21264B3F0100EC743F /* Info.plist */ = {isa = PBXFileReference; lastKnownFileType = text.plist.xml; path = Info.plist; sourceTree = "<group>"; };
		13F12EC3264BFAB0005CC2DB /* ObjectDetectionService.swift */ = {isa = PBXFileReference; lastKnownFileType = sourcecode.swift; path = ObjectDetectionService.swift; sourceTree = "<group>"; };
		13F12EC6264C323C005CC2DB /* StickyNoteEntity.swift */ = {isa = PBXFileReference; lastKnownFileType = sourcecode.swift; path = StickyNoteEntity.swift; sourceTree = "<group>"; };
		13F12EC9264C32AB005CC2DB /* ScreenSpaceComponent.swift */ = {isa = PBXFileReference; lastKnownFileType = sourcecode.swift; path = ScreenSpaceComponent.swift; sourceTree = "<group>"; };
		13F12ECC264C37C8005CC2DB /* StickyNoteView.swift */ = {isa = PBXFileReference; lastKnownFileType = sourcecode.swift; path = StickyNoteView.swift; sourceTree = "<group>"; };
/* End PBXFileReference section */

/* Begin PBXFrameworksBuildPhase section */
		132F4D10264B3EFE00EC743F /* Frameworks */ = {
			isa = PBXFrameworksBuildPhase;
			buildActionMask = 2147483647;
			files = (
			);
			runOnlyForDeploymentPostprocessing = 0;
		};
/* End PBXFrameworksBuildPhase section */

/* Begin PBXGroup section */
		132F4D0A264B3EFE00EC743F = {
			isa = PBXGroup;
			children = (
				132F4D15264B3EFE00EC743F /* TouristNavigation */,
				132F4D14264B3EFE00EC743F /* Products */,
			);
			sourceTree = "<group>";
		};
		132F4D14264B3EFE00EC743F /* Products */ = {
			isa = PBXGroup;
			children = (
				132F4D13264B3EFE00EC743F /* TouristNavigation.app */,
			);
			name = Products;
			sourceTree = "<group>";
		};
		132F4D15264B3EFE00EC743F /* TouristNavigation */ = {
			isa = PBXGroup;
			children = (
				13F12ECB264C37AA005CC2DB /* Views */,
				13F12EC8264C327E005CC2DB /* Components */,
				13F12EC5264C3203005CC2DB /* Entities */,
				13F12EC2264BFA8F005CC2DB /* Services */,
				132F4D16264B3EFE00EC743F /* AppDelegate.swift */,
				132F4D18264B3EFE00EC743F /* ContentView.swift */,
				132F4D1A264B3EFF00EC743F /* Experience.rcproject */,
				132F4D1C264B3F0100EC743F /* Assets.xcassets */,
				132F4D21264B3F0100EC743F /* Info.plist */,
				132F4D1E264B3F0100EC743F /* Preview Content */,
			);
			path = TouristNavigation;
			sourceTree = "<group>";
		};
		132F4D1E264B3F0100EC743F /* Preview Content */ = {
			isa = PBXGroup;
			children = (
				132F4D1F264B3F0100EC743F /* Preview Assets.xcassets */,
			);
			path = "Preview Content";
			sourceTree = "<group>";
		};
		13F12EC2264BFA8F005CC2DB /* Services */ = {
			isa = PBXGroup;
			children = (
				13F12EC3264BFAB0005CC2DB /* ObjectDetectionService.swift */,
			);
			path = Services;
			sourceTree = "<group>";
		};
		13F12EC5264C3203005CC2DB /* Entities */ = {
			isa = PBXGroup;
			children = (
				13F12EC6264C323C005CC2DB /* StickyNoteEntity.swift */,
			);
			path = Entities;
			sourceTree = "<group>";
		};
		13F12EC8264C327E005CC2DB /* Components */ = {
			isa = PBXGroup;
			children = (
				13F12EC9264C32AB005CC2DB /* ScreenSpaceComponent.swift */,
			);
			path = Components;
			sourceTree = "<group>";
		};
		13F12ECB264C37AA005CC2DB /* Views */ = {
			isa = PBXGroup;
			children = (
				13F12ECC264C37C8005CC2DB /* StickyNoteView.swift */,
			);
			path = Views;
			sourceTree = "<group>";
		};
/* End PBXGroup section */

/* Begin PBXNativeTarget section */
		132F4D12264B3EFE00EC743F /* TouristNavigation */ = {
			isa = PBXNativeTarget;
			buildConfigurationList = 132F4D24264B3F0100EC743F /* Build configuration list for PBXNativeTarget "TouristNavigation" */;
			buildPhases = (
				132F4D0F264B3EFE00EC743F /* Sources */,
				132F4D10264B3EFE00EC743F /* Frameworks */,
				132F4D11264B3EFE00EC743F /* Resources */,
			);
			buildRules = (
			);
			dependencies = (
			);
			name = TouristNavigation;
			productName = TouristNavigation;
			productReference = 132F4D13264B3EFE00EC743F /* TouristNavigation.app */;
			productType = "com.apple.product-type.application";
		};
/* End PBXNativeTarget section */

/* Begin PBXProject section */
		132F4D0B264B3EFE00EC743F /* Project object */ = {
			isa = PBXProject;
			attributes = {
				LastSwiftUpdateCheck = 1250;
				LastUpgradeCheck = 1250;
				TargetAttributes = {
					132F4D12264B3EFE00EC743F = {
						CreatedOnToolsVersion = 12.5;
					};
				};
			};
			buildConfigurationList = 132F4D0E264B3EFE00EC743F /* Build configuration list for PBXProject "TouristNavigation" */;
			compatibilityVersion = "Xcode 9.3";
			developmentRegion = en;
			hasScannedForEncodings = 0;
			knownRegions = (
				en,
				Base,
			);
			mainGroup = 132F4D0A264B3EFE00EC743F;
			productRefGroup = 132F4D14264B3EFE00EC743F /* Products */;
			projectDirPath = "";
			projectRoot = "";
			targets = (
				132F4D12264B3EFE00EC743F /* TouristNavigation */,
			);
		};
/* End PBXProject section */

/* Begin PBXResourcesBuildPhase section */
		132F4D11264B3EFE00EC743F /* Resources */ = {
			isa = PBXResourcesBuildPhase;
			buildActionMask = 2147483647;
			files = (
				132F4D20264B3F0100EC743F /* Preview Assets.xcassets in Resources */,
				132F4D1D264B3F0100EC743F /* Assets.xcassets in Resources */,
			);
			runOnlyForDeploymentPostprocessing = 0;
		};
/* End PBXResourcesBuildPhase section */

/* Begin PBXSourcesBuildPhase section */
		132F4D0F264B3EFE00EC743F /* Sources */ = {
			isa = PBXSourcesBuildPhase;
			buildActionMask = 2147483647;
			files = (
				132F4D19264B3EFE00EC743F /* ContentView.swift in Sources */,
				132F4D17264B3EFE00EC743F /* AppDelegate.swift in Sources */,
				13F12ECD264C37C8005CC2DB /* StickyNoteView.swift in Sources */,
				13F12EC4264BFAB0005CC2DB /* ObjectDetectionService.swift in Sources */,
				132F4D1B264B3EFF00EC743F /* Experience.rcproject in Sources */,
				13F12ECA264C32AB005CC2DB /* ScreenSpaceComponent.swift in Sources */,
				13F12EC7264C323C005CC2DB /* StickyNoteEntity.swift in Sources */,
			);
			runOnlyForDeploymentPostprocessing = 0;
		};
/* End PBXSourcesBuildPhase section */

/* Begin XCBuildConfiguration section */
		132F4D22264B3F0100EC743F /* Debug */ = {
			isa = XCBuildConfiguration;
			buildSettings = {
				ALWAYS_SEARCH_USER_PATHS = NO;
				CLANG_ANALYZER_NONNULL = YES;
				CLANG_ANALYZER_NUMBER_OBJECT_CONVERSION = YES_AGGRESSIVE;
				CLANG_CXX_LANGUAGE_STANDARD = "gnu++14";
				CLANG_CXX_LIBRARY = "libc++";
				CLANG_ENABLE_MODULES = YES;
				CLANG_ENABLE_OBJC_ARC = YES;
				CLANG_ENABLE_OBJC_WEAK = YES;
				CLANG_WARN_BLOCK_CAPTURE_AUTORELEASING = YES;
				CLANG_WARN_BOOL_CONVERSION = YES;
				CLANG_WARN_COMMA = YES;
				CLANG_WARN_CONSTANT_CONVERSION = YES;
				CLANG_WARN_DEPRECATED_OBJC_IMPLEMENTATIONS = YES;
				CLANG_WARN_DIRECT_OBJC_ISA_USAGE = YES_ERROR;
				CLANG_WARN_DOCUMENTATION_COMMENTS = YES;
				CLANG_WARN_EMPTY_BODY = YES;
				CLANG_WARN_ENUM_CONVERSION = YES;
				CLANG_WARN_INFINITE_RECURSION = YES;
				CLANG_WARN_INT_CONVERSION = YES;
				CLANG_WARN_NON_LITERAL_NULL_CONVERSION = YES;
				CLANG_WARN_OBJC_IMPLICIT_RETAIN_SELF = YES;
				CLANG_WARN_OBJC_LITERAL_CONVERSION = YES;
				CLANG_WARN_OBJC_ROOT_CLASS = YES_ERROR;
				CLANG_WARN_QUOTED_INCLUDE_IN_FRAMEWORK_HEADER = YES;
				CLANG_WARN_RANGE_LOOP_ANALYSIS = YES;
				CLANG_WARN_STRICT_PROTOTYPES = YES;
				CLANG_WARN_SUSPICIOUS_MOVE = YES;
				CLANG_WARN_UNGUARDED_AVAILABILITY = YES_AGGRESSIVE;
				CLANG_WARN_UNREACHABLE_CODE = YES;
				CLANG_WARN__DUPLICATE_METHOD_MATCH = YES;
				COPY_PHASE_STRIP = NO;
				DEBUG_INFORMATION_FORMAT = dwarf;
				ENABLE_STRICT_OBJC_MSGSEND = YES;
				ENABLE_TESTABILITY = YES;
				GCC_C_LANGUAGE_STANDARD = gnu11;
				GCC_DYNAMIC_NO_PIC = NO;
				GCC_NO_COMMON_BLOCKS = YES;
				GCC_OPTIMIZATION_LEVEL = 0;
				GCC_PREPROCESSOR_DEFINITIONS = (
					"DEBUG=1",
					"$(inherited)",
				);
				GCC_WARN_64_TO_32_BIT_CONVERSION = YES;
				GCC_WARN_ABOUT_RETURN_TYPE = YES_ERROR;
				GCC_WARN_UNDECLARED_SELECTOR = YES;
				GCC_WARN_UNINITIALIZED_AUTOS = YES_AGGRESSIVE;
				GCC_WARN_UNUSED_FUNCTION = YES;
				GCC_WARN_UNUSED_VARIABLE = YES;
				IPHONEOS_DEPLOYMENT_TARGET = 13.0;
				MTL_ENABLE_DEBUG_INFO = INCLUDE_SOURCE;
				MTL_FAST_MATH = YES;
				ONLY_ACTIVE_ARCH = YES;
				SDKROOT = iphoneos;
				SWIFT_ACTIVE_COMPILATION_CONDITIONS = DEBUG;
				SWIFT_OPTIMIZATION_LEVEL = "-Onone";
			};
			name = Debug;
		};
		132F4D23264B3F0100EC743F /* Release */ = {
			isa = XCBuildConfiguration;
			buildSettings = {
				ALWAYS_SEARCH_USER_PATHS = NO;
				CLANG_ANALYZER_NONNULL = YES;
				CLANG_ANALYZER_NUMBER_OBJECT_CONVERSION = YES_AGGRESSIVE;
				CLANG_CXX_LANGUAGE_STANDARD = "gnu++14";
				CLANG_CXX_LIBRARY = "libc++";
				CLANG_ENABLE_MODULES = YES;
				CLANG_ENABLE_OBJC_ARC = YES;
				CLANG_ENABLE_OBJC_WEAK = YES;
				CLANG_WARN_BLOCK_CAPTURE_AUTORELEASING = YES;
				CLANG_WARN_BOOL_CONVERSION = YES;
				CLANG_WARN_COMMA = YES;
				CLANG_WARN_CONSTANT_CONVERSION = YES;
				CLANG_WARN_DEPRECATED_OBJC_IMPLEMENTATIONS = YES;
				CLANG_WARN_DIRECT_OBJC_ISA_USAGE = YES_ERROR;
				CLANG_WARN_DOCUMENTATION_COMMENTS = YES;
				CLANG_WARN_EMPTY_BODY = YES;
				CLANG_WARN_ENUM_CONVERSION = YES;
				CLANG_WARN_INFINITE_RECURSION = YES;
				CLANG_WARN_INT_CONVERSION = YES;
				CLANG_WARN_NON_LITERAL_NULL_CONVERSION = YES;
				CLANG_WARN_OBJC_IMPLICIT_RETAIN_SELF = YES;
				CLANG_WARN_OBJC_LITERAL_CONVERSION = YES;
				CLANG_WARN_OBJC_ROOT_CLASS = YES_ERROR;
				CLANG_WARN_QUOTED_INCLUDE_IN_FRAMEWORK_HEADER = YES;
				CLANG_WARN_RANGE_LOOP_ANALYSIS = YES;
				CLANG_WARN_STRICT_PROTOTYPES = YES;
				CLANG_WARN_SUSPICIOUS_MOVE = YES;
				CLANG_WARN_UNGUARDED_AVAILABILITY = YES_AGGRESSIVE;
				CLANG_WARN_UNREACHABLE_CODE = YES;
				CLANG_WARN__DUPLICATE_METHOD_MATCH = YES;
				COPY_PHASE_STRIP = NO;
				DEBUG_INFORMATION_FORMAT = "dwarf-with-dsym";
				ENABLE_NS_ASSERTIONS = NO;
				ENABLE_STRICT_OBJC_MSGSEND = YES;
				GCC_C_LANGUAGE_STANDARD = gnu11;
				GCC_NO_COMMON_BLOCKS = YES;
				GCC_WARN_64_TO_32_BIT_CONVERSION = YES;
				GCC_WARN_ABOUT_RETURN_TYPE = YES_ERROR;
				GCC_WARN_UNDECLARED_SELECTOR = YES;
				GCC_WARN_UNINITIALIZED_AUTOS = YES_AGGRESSIVE;
				GCC_WARN_UNUSED_FUNCTION = YES;
				GCC_WARN_UNUSED_VARIABLE = YES;
				IPHONEOS_DEPLOYMENT_TARGET = 13.0;
				MTL_ENABLE_DEBUG_INFO = NO;
				MTL_FAST_MATH = YES;
				SDKROOT = iphoneos;
				SWIFT_COMPILATION_MODE = wholemodule;
				SWIFT_OPTIMIZATION_LEVEL = "-O";
				VALIDATE_PRODUCT = YES;
			};
			name = Release;
		};
		132F4D25264B3F0100EC743F /* Debug */ = {
			isa = XCBuildConfiguration;
			buildSettings = {
				ASSETCATALOG_COMPILER_APPICON_NAME = AppIcon;
				ASSETCATALOG_COMPILER_GLOBAL_ACCENT_COLOR_NAME = AccentColor;
				CODE_SIGN_STYLE = Automatic;
				DEVELOPMENT_ASSET_PATHS = "\"TouristNavigation/Preview Content\"";
				DEVELOPMENT_TEAM = GQ2A475C8K;
				ENABLE_PREVIEWS = YES;
				INFOPLIST_FILE = TouristNavigation/Info.plist;
				LD_RUNPATH_SEARCH_PATHS = (
					"$(inherited)",
					"@executable_path/Frameworks",
				);
				PRODUCT_BUNDLE_IDENTIFIER = ru.kymuc.TouristNavigation;
				PRODUCT_NAME = "$(TARGET_NAME)";
				SWIFT_VERSION = 5.0;
				TARGETED_DEVICE_FAMILY = "1,2";
			};
			name = Debug;
		};
		132F4D26264B3F0100EC743F /* Release */ = {
			isa = XCBuildConfiguration;
			buildSettings = {
				ASSETCATALOG_COMPILER_APPICON_NAME = AppIcon;
				ASSETCATALOG_COMPILER_GLOBAL_ACCENT_COLOR_NAME = AccentColor;
				CODE_SIGN_STYLE = Automatic;
				DEVELOPMENT_ASSET_PATHS = "\"TouristNavigation/Preview Content\"";
				DEVELOPMENT_TEAM = GQ2A475C8K;
				ENABLE_PREVIEWS = YES;
				INFOPLIST_FILE = TouristNavigation/Info.plist;
				LD_RUNPATH_SEARCH_PATHS = (
					"$(inherited)",
					"@executable_path/Frameworks",
				);
				PRODUCT_BUNDLE_IDENTIFIER = ru.kymuc.TouristNavigation;
				PRODUCT_NAME = "$(TARGET_NAME)";
				SWIFT_VERSION = 5.0;
				TARGETED_DEVICE_FAMILY = "1,2";
			};
			name = Release;
		};
/* End XCBuildConfiguration section */

/* Begin XCConfigurationList section */
		132F4D0E264B3EFE00EC743F /* Build configuration list for PBXProject "TouristNavigation" */ = {
			isa = XCConfigurationList;
			buildConfigurations = (
				132F4D22264B3F0100EC743F /* Debug */,
				132F4D23264B3F0100EC743F /* Release */,
			);
			defaultConfigurationIsVisible = 0;
			defaultConfigurationName = Release;
		};
		132F4D24264B3F0100EC743F /* Build configuration list for PBXNativeTarget "TouristNavigation" */ = {
			isa = XCConfigurationList;
			buildConfigurations = (
				132F4D25264B3F0100EC743F /* Debug */,
				132F4D26264B3F0100EC743F /* Release */,
			);
			defaultConfigurationIsVisible = 0;
			defaultConfigurationName = Release;
		};
/* End XCConfigurationList section */
	};
	rootObject = 132F4D0B264B3EFE00EC743F /* Project object */;
}
